lockfileVersion: '9.0'

settings:
  autoInstallPeers: true
  excludeLinksFromLockfile: false

overrides:
  '@fastify/static': 10.1.2

importers:

  .:
    devDependencies:
      '@eslint/js':
        specifier: 9.39.5
        version: 9.39.5
      '@secretlint/secretlint-rule-preset-recommend':
        specifier: 13.0.4
        version: 13.0.4
      '@types/node':
        specifier: 22.20.1
        version: 22.20.1
      axe-core:
        specifier: ^4.12.1
        version: 4.12.1
      eslint:
        specifier: 9.39.5
        version: 9.39.5(jiti@2.7.0)(supports-color@7.2.0)
      eslint-plugin-security:
        specifier: 4.0.1
        version: 4.0.1
      globals:
        specifier: 17.8.0
        version: 17.8.0
      playwright:
        specifier: ^1.62.1
        version: 1.62.1
      prettier:
        specifier: 3.9.6
        version: 3.9.6
      secretlint:
        specifier: 13.0.4
        version: 13.0.4(supports-color@10.2.2)
      tsx:
        specifier: 4.23.5
        version: 4.23.5
      typescript:
        specifier: 5.9.3
        version: 5.9.3
      typescript-eslint:
        specifier: 8.65.0
        version: 8.65.0(eslint@9.39.5(jiti@2.7.0)(supports-color@7.2.0))(supports-color@10.2.2)(typescript@5.9.3)
      ux-ui-agent-skills:
        specifier: ^2.4.0
        version: 2.4.0
      vitest:
        specifier: 4.1.10
        version: 4.1.10(@types/node@22.20.1)(jsdom@30.0.1(@noble/hashes@2.3.0))(vite@8.1.5(@types/node@22.20.1)(esbuild@0.28.1)(jiti@2.7.0)(tsx@4.23.5)(yaml@2.9.0))

  apps/server:
    dependencies:
      '@auto-mb/contracts':
        specifier: workspace:*
        version: link:../../packages/contracts
      '@auto-mb/db':
        specifier: workspace:*
        version: link:../../packages/db
      '@auto-mb/loa-parser':
        specifier: workspace:*
        version: link:../../packages/loa-parser
      '@fastify/swagger':
        specifier: 9.8.1
        version: 9.8.1(supports-color@7.2.0)
      '@fastify/swagger-ui':
        specifier: 6.1.0
        version: 6.1.0
      '@sinclair/typebox':
        specifier: 0.34.52
        version: 0.34.52
      better-auth:
        specifier: 1.6.26
        version: 1.6.26(pg@8.22.0)(react-dom@19.2.8(react@19.2.8))(react@19.2.8)(vitest@4.1.10(@types/node@22.20.1)(jsdom@30.0.1(@noble/hashes@2.3.0))(vite@8.1.5(@types/node@22.20.1)(esbuild@0.28.1)(jiti@2.7.0)(tsx@4.23.5)(yaml@2.9.0)))
      fastify:
        specifier: 5.10.0
        version: 5.10.0
      pg:
        specifier: 8.22.0
        version: 8.22.0
      qrcode:
        specifier: 1.5.4
        version: 1.5.4
    devDependencies:
      '@types/pg':
        specifier: 8.15.6
        version: 8.15.6
      '@types/qrcode':
        specifier: 1.5.6
        version: 1.5.6

  apps/web:
    dependencies:
      '@auto-mb/contracts':
        specifier: workspace:*
        version: link:../../packages/contracts
      '@fontsource-variable/ibm-plex-sans':
        specifier: ^5.3.0
        version: 5.3.0
      '@fontsource/ibm-plex-mono':
        specifier: ^5.3.0
        version: 5.3.0
      '@fontsource/ibm-plex-sans-devanagari':
        specifier: ^5.3.0
        version: 5.3.0
      '@tailwindcss/vite':
        specifier: ^4.3.3
        version: 4.3.3(vite@8.1.5(@types/node@22.20.1)(esbuild@0.28.1)(jiti@2.7.0)(tsx@4.23.5)(yaml@2.9.0))
      class-variance-authority:
        specifier: ^0.7.1
        version: 0.7.1
      clsx:
        specifier: ^2.1.1
        version: 2.1.1
      lucide-react:
        specifier: ^1.28.0
        version: 1.28.0(react@19.2.8)
      react:
        specifier: 19.2.8
        version: 19.2.8
      react-dom:
        specifier: 19.2.8
        version: 19.2.8(react@19.2.8)
      tailwind-merge:
        specifier: ^3.6.0
        version: 3.6.0
      tailwindcss:
        specifier: ^4.3.3
        version: 4.3.3
    devDependencies:
      '@axe-core/playwright':
        specifier: 4.12.1
        version: 4.12.1(playwright-core@1.62.1)
      '@playwright/test':
        specifier: 1.62.1
        version: 1.62.1
      '@testing-library/dom':
        specifier: 10.4.1
        version: 10.4.1
      '@testing-library/react':
        specifier: 16.3.2
        version: 16.3.2(@testing-library/dom@10.4.1)(@types/react-dom@19.2.3(@types/react@19.2.17))(@types/react@19.2.17)(react-dom@19.2.8(react@19.2.8))(react@19.2.8)
      '@types/react':
        specifier: 19.2.17
        version: 19.2.17
      '@types/react-dom':
        specifier: 19.2.3
        version: 19.2.3(@types/react@19.2.17)
      '@vitejs/plugin-react':
        specifier: 6.0.4
        version: 6.0.4(vite@8.1.5(@types/node@22.20.1)(esbuild@0.28.1)(jiti@2.7.0)(tsx@4.23.5)(yaml@2.9.0))
      jsdom:
        specifier: 30.0.1
        version: 30.0.1(@noble/hashes@2.3.0)
      vite:
        specifier: 8.1.5
        version: 8.1.5(@types/node@22.20.1)(esbuild@0.28.1)(jiti@2.7.0)(tsx@4.23.5)(yaml@2.9.0)

  apps/worker: {}

  packages/contracts:
    dependencies:
      '@sinclair/typebox':
        specifier: 0.34.52
        version: 0.34.52

  packages/db:
    dependencies:
      postgres:
        specifier: 3.4.9
        version: 3.4.9

  packages/loa-parser: {}

packages:

  '@asamuzakjp/css-color@6.0.5':
    resolution: {integrity: sha512-mbhpPMmnw/kwW19aRNmSUl1QzLbdGo1SCuE49BT98MNwqF6zaHb3o2owssFc/PEO/4t2UjqtCNwocuDtJornzA==}
    engines: {node: ^22.13.0 || >=24.0.0}

  '@asamuzakjp/dom-selector@8.3.0':
    resolution: {integrity: sha512-UJLfKXBhrc8i1vH2eJXuYQMwlsLKWFw3O+CPqXSuVEiikeAim3UgrfWX0k4tA/X8cRFM8iZ7OaqBokFGbYusdg==}
    engines: {node: ^22.13.0 || >=24.0.0}

  '@axe-core/playwright@4.12.1':
    resolution: {integrity: sha512-rMd7xriptqKpP+w5265i4Hdkv2X5kbu6uiBi/B2I7uf3hieRBM3qDCfaKPtxfiYb2mKXfF+yLODJwIx+Jv1GDw==}
    peerDependencies:
      playwright-core: '>= 1.0.0'

  '@azu/format-text@1.0.2':
    resolution: {integrity: sha512-Swi4N7Edy1Eqq82GxgEECXSSLyn6GOb5htRFPzBDdUkECGXtlf12ynO5oJSpWKPwCaUssOu7NfhDcCWpIC6Ywg==}

  '@azu/style-format@1.0.1':
    resolution: {integrity: sha512-AHcTojlNBdD/3/KxIKlg8sxIWHfOtQszLvOpagLTO+bjC3u7SAszu1lf//u7JJC50aUSH+BVWDD/KvaA6Gfn5g==}

  '@babel/code-frame@7.29.7':
    resolution: {integrity: sha512-Aup7aUOfpbAUg2ROOJN6Iw5f9DMBlzu0mIkm/malLQFN/YQgO48wCj0Kxa3sEHJvPVFg7siR+qRInwXd2qhQKw==}
    engines: {node: '>=6.9.0'}

  '@babel/helper-validator-identifier@7.29.7':
    resolution: {integrity: sha512-qehxGkRj55h/ff8EMaJ+cYhyaKlHIxqYDn682wQD7RNp9UujOQsHog2uS0r2vzr4pW+sXf90NeeayjcNaX3fFg==}
    engines: {node: '>=6.9.0'}

  '@babel/runtime@7.29.7':
    resolution: {integrity: sha512-Nq8OhGWiZIZGV6hLHoyAKLLcJihP/xFeBMGJoUrxTX2psI8dCifzLhZISFb+VWS3wFMRDmCGw5R+dOySCqPLhw==}
    engines: {node: '>=6.9.0'}

  '@better-auth/core@1.6.26':
    resolution: {integrity: sha512-Ud4FqnjIJDvmeo+3bN+OsuVVAiuvFjNERbW7G8/65ictSxCox62gNgTOsJ4YXmbwXzBzyyekStzrupg2qNGEkA==}
    peerDependencies:
      '@better-auth/utils': 0.4.2
      '@better-fetch/fetch': 1.3.1
      '@cloudflare/workers-types': '>=4'
      '@opentelemetry/api': ^1.9.0
      better-call: 1.3.7
      jose: ^6.1.0
      kysely: ^0.28.5 || ^0.29.0
      nanostores: ^1.0.1
    peerDependenciesMeta:
      '@cloudflare/workers-types':
        optional: true
      '@opentelemetry/api':
        optional: true

  '@better-auth/drizzle-adapter@1.6.26':
    resolution: {integrity: sha512-SMvAeeUqEsz0BLtWVVp+HdStAVOwcxs4vPkL/AVmFJ0e9dDKItXl881xWeB/Ze4NgBW6NYmUId9qI4LrdQu3hA==}
    peerDependencies:
      '@better-auth/core': ^1.6.26
      '@better-auth/utils': 0.4.2
      drizzle-orm: ^0.45.2
    peerDependenciesMeta:
      drizzle-orm:
        optional: true

  '@better-auth/kysely-adapter@1.6.26':
    resolution: {integrity: sha512-Y0Kdqn8JQMR8dHMtUnbBNqq7Mk8mDf18DwTves2uhjtRfcOWByVTGxsFMDVUbedMuoM+Ab+v04bwCk94sAo8NA==}
    peerDependencies:
      '@better-auth/core': ^1.6.26
      '@better-auth/utils': 0.4.2
      kysely: ^0.28.17 || ^0.29.0
    peerDependenciesMeta:
      kysely:
        optional: true

  '@better-auth/memory-adapter@1.6.26':
    resolution: {integrity: sha512-kb5ahphEp9jyMleXU4T8I/xgWPa8gjOLFKKsnaVqR/BU+h7xqTOsjJwTY3evY+PFYHvjNFUlrjZ1Km8A/w1p/w==}
    peerDependencies:
      '@better-auth/core': ^1.6.26
      '@better-auth/utils': 0.4.2

  '@better-auth/mongo-adapter@1.6.26':
    resolution: {integrity: sha512-jYGhuIQqj48h69ROLPYdc8jgqDaMmRRLLFiRViZFYarNyBuYUV07DywJXvRuw8l9ADx+M1TB+BJZGnLE2nnmwQ==}
    peerDependencies:
      '@better-auth/core': ^1.6.26
      '@better-auth/utils': 0.4.2
      mongodb: ^6.0.0 || ^7.0.0
    peerDependenciesMeta:
      mongodb:
        optional: true

  '@better-auth/prisma-adapter@1.6.26':
    resolution: {integrity: sha512-ILQoYmnoYyghDP4iN1h/Gkd9Jt7Xs/vxoNAt4AuuJJbqs73u27LlQM4P1YiP7nJ+bM1iVTBI1dDF73myIAtjzQ==}
    peerDependencies:
      '@better-auth/core': ^1.6.26
      '@better-auth/utils': 0.4.2
      '@prisma/client': ^5.0.0 || ^6.0.0 || ^7.0.0
      prisma: ^5.0.0 || ^6.0.0 || ^7.0.0
    peerDependenciesMeta:
      '@prisma/client':
        optional: true
      prisma:
        optional: true

  '@better-auth/telemetry@1.6.26':
    resolution: {integrity: sha512-pBs69RORUSJHRF9r5PdeY7pzLRga09YSWew8igFYrBvT2tLt7DktrbD5WjryLZpAZOuKAMZ+Xo0DlJbnvLWGpQ==}
    peerDependencies:
      '@better-auth/core': ^1.6.26
      '@better-auth/utils': 0.4.2
      '@better-fetch/fetch': 1.3.1

  '@better-auth/utils@0.4.2':
    resolution: {integrity: sha512-AUxrvu+HaaODsUyzDxFgwd/8RZ1yZaYo42LXKSrU2oGgR38pS1ij8nqQKNgtTWoYGpNevNXtCfgTy6loHveW9A==}

  '@better-fetch/fetch@1.3.1':
    resolution: {integrity: sha512-ABkD1WhyfPZprKRQI3bhATjeiFuNWC9PXhfGWqL+sg/gKrM977oFrYkdb4msM3hgUGonr7KlOsOFT5TU2rht9g==}

  '@bramus/specificity@2.4.2':
    resolution: {integrity: sha512-ctxtJ/eA+t+6q2++vj5j7FYX3nRu311q1wfYH3xjlLOsczhlhxAg2FWNUXhpGvAw3BWo1xBcvOV6/YLc2r5FJw==}
    hasBin: true

  '@csstools/color-helpers@6.1.0':
    resolution: {integrity: sha512-064IFJdjTfUqnjpCVpMOdbr8FLQBhinbZj6yRv2An2E41O/pLEXqfFRWqGq/SxlE5PEUYTlvWsG2r8MswAVvkg==}
    engines: {node: '>=20.19.0'}

  '@csstools/css-calc@3.3.0':
    resolution: {integrity: sha512-c5ihYsPkdG6JCkU2zTMm4+k6r7RXuGxtWYhu5DHMIiF1FHzrfmHL5so11AoFpUv/tu61xfcmT4AmKoFfMPoqdQ==}
    engines: {node: '>=20.19.0'}
    peerDependencies:
      '@csstools/css-parser-algorithms': ^4.0.0
      '@csstools/css-tokenizer': ^4.0.0

  '@csstools/css-color-parser@4.1.10':
    resolution: {integrity: sha512-UZhQLIUyJaaMepqehrCODwCg2KW25vFvLWBmqYFaPclYvvxzj/sG8LBOhBFCp11i9uE7t1EyS+RAoV9tztPFyw==}
    engines: {node: '>=20.19.0'}
    peerDependencies:
      '@csstools/css-parser-algorithms': ^4.0.0
      '@csstools/css-tokenizer': ^4.0.0

  '@csstools/css-parser-algorithms@4.0.0':
    resolution: {integrity: sha512-+B87qS7fIG3L5h3qwJ/IFbjoVoOe/bpOdh9hAjXbvx0o8ImEmUsGXN0inFOnk2ChCFgqkkGFQ+TpM5rbhkKe4w==}
    engines: {node: '>=20.19.0'}
    peerDependencies:
      '@csstools/css-tokenizer': ^4.0.0

  '@csstools/css-syntax-patches-for-csstree@1.1.7':
    resolution: {integrity: sha512-fQ+05118eQS1cofO3aJpB5efgpBZMvIzwr/sbC8kDLVA5XLG8q1kJV5yzrUAI1f7lvhPnm8fgIjzFB8/O/5Dig==}
    peerDependencies:
      css-tree: ^3.2.1
    peerDependenciesMeta:
      css-tree:
        optional: true

  '@csstools/css-tokenizer@4.0.0':
    resolution: {integrity: sha512-QxULHAm7cNu72w97JUNCBFODFaXpbDg+dP8b/oWFAZ2MTRppA3U00Y2L1HqaS4J6yBqxwa/Y3nMBaxVKbB/NsA==}
    engines: {node: '>=20.19.0'}

  '@emnapi/core@1.11.1':
    resolution: {integrity: sha512-RSvbQmHzdKzNsLYa/wHrbc3KN4sYLKAdPZxqiM2HATqv/SBk2/ENSHpvXGaLOMcsAyz0poEGqkmmKYG3OWiJEQ==}

  '@emnapi/runtime@1.11.1':
    resolution: {integrity: sha512-vgj7R3y3Wgx24IQaGPA/R6YFXLHVMOZ0uVEyIQPaWs+rd1AzfEMXlAC22FYwO1XkKR6NPsq7mUandH8oIRdZFw==}

  '@emnapi/wasi-threads@1.2.2':
    resolution: {integrity: sha512-c95qOXkHdydNKhscBTebqEC1CVAZpyqOfVfBzQ1qgzyl3gfeldUjIggDbIZgDKsHLgnsM+igH7TJ/eAasaVuMA==}

  '@esbuild/aix-ppc64@0.28.1':
    resolution: {integrity: sha512-Svl7tq8k/08+p6CXPpRjQ1fKX+1odH/BQbb48fV6fj3CWHhsoIOoY87w1oHXm0qEpkIK3ZfVgp0hed3XBXzXMQ==}
    engines: {node: '>=18'}
    cpu: [ppc64]
    os: [aix]

  '@esbuild/android-arm64@0.28.1':
    resolution: {integrity: sha512-34EGEbCIAgosYz6goLcopX6Mo7NyGv9tfwEM2/7Ce2VcVRk568iSvniGWcUXIy7wEDR1wzolcxcriFVrWYcwBg==}
    engines: {node: '>=18'}
    cpu: [arm64]
    os: [android]

  '@esbuild/android-arm@0.28.1':
    resolution: {integrity: sha512-0k2F129Xdio1TdJfzJ8sy1Q47vUD2NnwdhiAf7drUN1EBTfPf4hsFCtmMgu/6m8JSzsBrlmVjudMBQqOfG8usQ==}
    engines: {node: '>=18'}
    cpu: [arm]
    os: [android]

  '@esbuild/android-x64@0.28.1':
    resolution: {integrity: sha512-dbwY7ltSMDWsRatcRpCnES4F+im88OCUgGZjy52shC7GqHRE/cYlxNbB4Z4UpJswpcc4Qxd2oE/ufM0p61IKng==}
    engines: {node: '>=18'}
    cpu: [x64]
    os: [android]

  '@esbuild/darwin-arm64@0.28.1':
    resolution: {integrity: sha512-TZbWkQY7kvTAXbXUT7uVACR5cMHsDiSz9z7ZKAX/RTq/WJEk3QyRr0wZpNhBDX+/0CtdqUIJlOiodQcta6tY3Q==}
    engines: {node: '>=18'}
    cpu: [arm64]
    os: [darwin]

  '@esbuild/darwin-x64@0.28.1':
    resolution: {integrity: sha512-zfdzgK9ACBNZLI/CyHTOx81SyNbM6YXn7rxSgX97VjyiPl9W1i4Ka4fgKECEoFCKGpvBj5qArWIGgQjOwkgskQ==}
    engines: {node: '>=18'}
    cpu: [x64]
    os: [darwin]

  '@esbuild/freebsd-arm64@0.28.1':
    resolution: {integrity: sha512-wG2EA8ENdEI0qhkSZMjfqrdY+ziCYCPMmtZjjIwOmXFjmyzEHn+UUxk5of+SYsjtfs3VpnlC7QLzSI5hY/rOAw==}
    engines: {node: '>=18'}
    cpu: [arm64]
    os: [freebsd]

  '@esbuild/freebsd-x64@0.28.1':
    resolution: {integrity: sha512-i7dZ9vQgnvSCzi/rYCXNgtF/U+eKZNJBzu3eTQbRgHnM7tNSizLOkRFAl3qzVc/Op/u5YkHHa4pf/3DOYHthLQ==}
    engines: {node: '>=18'}
    cpu: [x64]
    os: [freebsd]

  '@esbuild/linux-arm64@0.28.1':
    resolution: {integrity: sha512-yHs+0uc8+nvEAfAfxrWQKK5peSNzBc4PegcMO0EJ2hT71uA7vB8Ihg2e77R2P7SG5uYjPbHlLLmve4LLLRCf0g==}
    engines: {node: '>=18'}
    cpu: [arm64]
    os: [linux]

  '@esbuild/linux-arm@0.28.1':
    resolution: {integrity: sha512-qVXBOHQS+d5Y722GwJzJUtOLlX7km3CraOaGormF1pDtPd2C/l1SHRPgjLunLGe51Sh5YYWKMFDyV4SxgMQYTQ==}
    engines: {node: '>=18'}
    cpu: [arm]
    os: [linux]

  '@esbuild/linux-ia32@0.28.1':
    resolution: {integrity: sha512-d1z4ZuP0ajrfz/FhGT4vv278rX8KnPPJx8i5+AtK7TYbx9Le9F1hyzurZpkEyjkGa9dUGhQow4C1NmeGvqxN2w==}
    engines: {node: '>=18'}
    cpu: [ia32]
    os: [linux]

  '@esbuild/linux-loong64@0.28.1':
    resolution: {integrity: sha512-M5sRjUVZrkm1OAPR3dlOYzNmN+loZKGVi1VUQGrwuqLcbR6qeAz+famMhjASeH3YVKvZz+zT1jlh/keC3Rj/lg==}
    engines: {node: '>=18'}
    cpu: [loong64]
    os: [linux]

  '@esbuild/linux-mips64el@0.28.1':
    resolution: {integrity: sha512-mRObBZeHh2OxcBFPWE/FjylkRgZdYuiTR3vaTozquCGOH14iP9oN4x4Ge81CoIDYQrXmIxpFumJBu5MtZpnQJQ==}
    engines: {node: '>=18'}
    cpu: [mips64el]
    os: [linux]

  '@esbuild/linux-ppc64@0.28.1':
    resolution: {integrity: sha512-slScBsMAb3GFDcdrCgLwZtPYRoH2H/youv10QiZyRjmsP48fznoveWytSgCI/R0ZcUgpc0ZhIUEx6LHts8yrfQ==}
    engines: {node: '>=18'}
    cpu: [ppc64]
    os: [linux]

  '@esbuild/linux-riscv64@0.28.1':
    resolution: {integrity: sha512-kw0owk1o0GFETUJyW0jc0G4Yzs0BHZn0JDZ8JRT088vjJYX777BAs1fDGxAãoxæÚ$z{-®éÜj×3"ã ¢÷F–öæÃ¢G'VP ¢Æ–v‡Fæ–æv772Ög&VV'6B×ƒcDã32ã ¢÷F–öæÃ¢G'VP ¢Æ–v‡Fæ–æv772ÖÆ–çW‚Ö&ÒÖvçVV&–†dã3"ã ¢÷F–öæÃ¢G'VP ¢Æ–v‡Fæ–æv772ÖÆ–çW‚Ö&ÒÖvçVV&–†dã32ã ¢÷F–öæÃ¢G'VP ¢Æ–v‡Fæ–æv772ÖÆ–çW‚Ö&ÓcBÖvçTã3"ã ¢÷F–öæÃ¢G'VP ¢Æ–v‡Fæ–æv772ÖÆ–çW‚Ö&ÓcBÖvçTã32ã ¢÷F–öæÃ¢G'VP ¢Æ–v‡Fæ–æv772ÖÆ–çW‚Ö&ÓcBÖ×W6Äã3"ã ¢÷F–öæÃ¢G'VP ¢Æ–v‡Fæ–æv772ÖÆ–çW‚Ö&ÓcBÖ×W6Äã32ã ¢÷F–öæÃ¢G'VP ¢Æ–v‡Fæ–æv772ÖÆ–çW‚×ƒcBÖvçTã3"ã ¢÷F–öæÃ¢G'VP ¢Æ–v‡Fæ–æv772ÖÆ–çW‚×ƒcBÖvçTã32ã ¢÷F–öæÃ¢G'VP ¢Æ–v‡Fæ–æv772ÖÆ–çW‚×ƒcBÖ×W6Äã3"ã ¢÷F–öæÃ¢G'VP ¢Æ–v‡Fæ–æv772ÖÆ–çW‚×ƒcBÖ×W6Äã32ã ¢÷F–öæÃ¢G'VP ¢Æ–v‡Fæ–æv772×v–ã3"Ö&ÓcBÖ×7f4ã3"ã ¢÷F–öæÃ¢G'VP ¢Æ–v‡Fæ–æv772×v–ã3"Ö&ÓcBÖ×7f4ã32ã ¢÷F–öæÃ¢G'VP ¢Æ–v‡Fæ–æv772×v–ã3"×ƒcBÖ×7f4ã3"ã ¢÷F–öæÃ¢G'VP ¢Æ–v‡Fæ–æv772×v–ã3"×ƒcBÖ×7f4ã32ã ¢÷F–öæÃ¢G'VP ¢Æ–v‡Fæ–æv774ã3"ã ¢FWVæFVæ6–W3 ¢FWFV7BÖÆ–&3¢"ãã ¢÷F–öæÄFWVæFVæ6–W3 ¢Æ–v‡Fæ–æv772ÖæG&ö–BÖ&ÓcC¢ã3"ã ¢Æ–v‡Fæ–æv772ÖF'v–âÖ&ÓcC¢ã3"ã ¢Æ–v‡Fæ–æv772ÖF'v–â×ƒcC¢ã3"ã ¢Æ–v‡Fæ–æv772Ög&VV'6B×ƒcC¢ã3"ã ¢Æ–v‡Fæ–æv772ÖÆ–çW‚Ö&ÒÖvçVV&–†c¢ã3"ã ¢Æ–v‡Fæ–æv772ÖÆ–çW‚Ö&ÓcBÖvçS¢ã3"ã ¢Æ–v‡Fæ–æv772ÖÆ–çW‚Ö&ÓcBÖ×W6Ã¢ã3"ã ¢Æ–v‡Fæ–æv772ÖÆ–çW‚×ƒcBÖvçS¢ã3"ã ¢Æ–v‡Fæ–æv772ÖÆ–çW‚×ƒcBÖ×W6Ã¢ã3"ã ¢Æ–v‡Fæ–æv772×v–ã3"Ö&ÓcBÖ×7f3¢ã3"ã ¢Æ–v‡Fæ–æv772×v–ã3"×ƒcBÖ×7f3¢ã3"ã  ¢Æ–v‡Fæ–æv774ã32ã ¢FWVæFVæ6–W3 ¢FWFV7BÖÆ–&3¢"ãã ¢÷F–öæÄFWVæFVæ6–W3 ¢Æ–v‡Fæ–æv772ÖæG&ö–BÖ&ÓcC¢ã32ã ¢Æ–v‡Fæ–æv772ÖF'v–âÖ&ÓcC¢ã32ã ¢Æ–v‡Fæ–æv772ÖF'v–â×ƒcC¢ã32ã ¢Æ–v‡Fæ–æv772Ög&VV'6B×ƒcC¢ã32ã ¢Æ–v‡Fæ–æv772ÖÆ–çW‚Ö&ÒÖvçVV&–†c¢ã32ã ¢Æ–v‡Fæ–æv772ÖÆ–çW‚Ö&ÓcBÖvçS¢ã32ã ¢Æ–v‡Fæ–æv772ÖÆ–çW‚Ö&ÓcBÖ×W6Ã¢ã32ã ¢Æ–v‡Fæ–æv772ÖÆ–çW‚×ƒcBÖvçS¢ã32ã ¢Æ–v‡Fæ–æv772ÖÆ–çW‚×ƒcBÖ×W6Ã¢ã32ã ¢Æ–v‡Fæ–æv772×v–ã3"Ö&ÓcBÖ×7f3¢ã32ã ¢Æ–v‡Fæ–æv772×v–ã3"×ƒcBÖ×7f3¢ã32ã  ¢Æö6FR×F„Rãã ¢FWVæFVæ6–W3 ¢ÖÆö6FS¢Bãã  ¢Æö6FR×F„bãã ¢FWVæFVæ6–W3 ¢ÖÆö6FS¢Rãã  ¢ÆöF6‚æÖW&vTBãbã#¢·Ð ¢ÆöF6‚çG'Væ6FTBãBã#¢·Ð ¢ÆöF6„Bã‚ã¢·Ð ¢Ç'RÖ66†TãRã#¢·Ð ¢ÇV6–FR×&V7Dã#‚ã‡&V7D’ã"ã‚“ ¢FWVæFVæ6–W3 ¢&V7C¢’ã"ã€ ¢Ç¢×7G&–ætãRã¢·Ð ¢Öv–2×7G&–ætã3ã# ¢FWVæFVæ6–W3 ¢t§&–FvWvVÆÂ÷6÷W&6VÖÖ6öFV2s¢ãRãP ¢ÖFâÖFF"ã#rã¢·Ð ¢Ö–ÖT2ãã¢·Ð ¢Ö–æ–ÖF6„ã"ãc ¢FWVæFVæ6–W3 ¢'&6RÖW‡ç6–öã¢Rãã ¢Ö–æ–ÖF6„2ããS ¢FWVæFVæ6–W3 ¢'&6RÖW‡ç6–öã¢ãã€ ¢Ö–æ—74rãã3¢·Ð ¢×4"ãã3¢·Ð ¢ææö–D2ã2ãs¢·Ð ¢ææ÷7F÷&W4ãBã#¢·Ð ¢æGW&ÂÖ6ö×&TãBã¢·Ð ¢æ÷&ÖÆ—¦R×6¶vRÖFF‚ãã ¢FWVæFVæ6–W3 ¢†÷7FVBÖv—BÖ–æfó¢’ãã0¢6V×fW#¢rã‚ãP¢fÆ–FFRÖçÒ×6¶vRÖÆ–6Vç6S¢2ãã@ ¢ö'Vt"ããC¢·Ð ¢öâÖW†—BÖÆV²Ög&VT"ãã#¢·Ð ¢÷Væ’×G—W4"ãã3¢·Ð ¢÷F–öæF÷$ã’ãC ¢FWVæFVæ6–W3 ¢FVWÖ—3¢ãã@¢f7BÖÆWfVç6‡FV–ã¢"ãã`¢ÆWfã¢ãBã¢&VÇVFRÖÇ3¢ã"ã¢G—RÖ6†V6³¢ãBã ¢v÷&B×w&¢ã"ãP ¢ÖÆ–Ö—D"ã2ã ¢FWVæFVæ6–W3 ¢×G'“¢"ã"ã  ¢ÖÆ–Ö—D2ãã ¢FWVæFVæ6–W3 ¢–ö7Fò×VWVS¢ãã  ¢ÖÆö6FTBãã ¢FWVæFVæ6–W3 ¢ÖÆ–Ö—C¢"ã2ã  ¢ÖÆö6FTRãã ¢FWVæFVæ6–W3 ¢ÖÆ–Ö—C¢2ãã  ¢ÖÖrããc¢·Ð ¢×G'”"ã"ã¢·Ð ¢&VçBÖÖöGVÆTãã ¢FWVæFVæ6–W3 ¢6ÆÇ6—FW3¢2ãã  ¢'6RÖ§6öä‚ã2ã ¢FWVæFVæ6–W3 ¢t&&VÂö6öFRÖg&ÖRs¢rã#’ãp¢–æFW‚×Fò×÷6—F–öã¢ã"ã ¢G—RÖfW7C¢BãCã  ¢'6ST‚ãã ¢FWVæFVæ6–W3 ¢VçF—F–W3¢‚ãã  ¢F‚ÖW†—7G4Bãã¢·Ð ¢F‚Ö¶W”2ãã¢·Ð ¢F‚×67W''”"ãã# ¢FWVæFVæ6–W3 ¢Ç'RÖ66†S¢ãRã ¢Ö–æ—73¢rãã0 ¢F†T"ãã3¢·Ð ¢rÖ6Æ÷VFfÆ&TãBã ¢÷F–öæÃ¢G'VP ¢rÖ6öææV7F–öâ×7G&–æt"ãBã¢·Ð ¢rÖ–çC„ãã¢·Ð ¢r×ööÄ2ãBã‡t‚ã#"ã“ ¢FWVæFVæ6–W3 ¢s¢‚ã#"ã  ¢r×&÷Fö6öÄãRã¢·Ð ¢r×G—W4"ã"ã ¢FWVæFVæ6–W3 ¢rÖ–çCƒ¢ãã¢÷7Fw&W2Ö'&“¢"ãã ¢÷7Fw&W2Ö'—FV¢ãã¢÷7Fw&W2ÖFFS¢ããp¢÷7Fw&W2Ö–çFW'fÃ¢ã"ã  ¢t‚ã#"ã ¢FWVæFVæ6–W3 ¢rÖ6öææV7F–öâ×7G&–æs¢"ãBã ¢r×ööÃ¢2ãBã‡t‚ã#"ã¢r×&÷Fö6öÃ¢ãRã ¢r×G—W3¢"ã"ã ¢w73¢ããP¢÷F–öæÄFWVæFVæ6–W3 ¢rÖ6Æ÷VFfÆ&S¢ãBã  ¢w74ããS ¢FWVæFVæ6–W3 ¢7Æ—C#¢Bã"ã  ¢–6ö6öÆ÷'4ãã¢·Ð ¢–6öÖF6„BããS¢·Ð ¢–æòÖ'7G&7B×G&ç7÷'D2ãã ¢FWVæFVæ6–W3 ¢7Æ—C#¢Bã"ã  ¢–æò×7FB×6W&–Æ—¦W'4rãã¢·Ð ¢–æôã2ã ¢FWVæFVæ6–W3 ¢t–æö§2÷&VF7Bs¢ãBã ¢FöÖ–2×6ÆVW¢ãã ¢öâÖW†—BÖÆV²Ög&VS¢"ãã ¢–æòÖ'7G&7B×G&ç7÷'C¢2ãã ¢–æò×7FB×6W&–Æ—¦W'3¢rãã ¢&ö6W72×v&æ–æs¢Rãã ¢V–6²Öf÷&ÖB×VæW66VC¢Bãã@¢&VÂ×&WV—&S¢ã"ã ¢6fR×7F&ÆR×7G&–æv–g“¢"ãRã ¢6öæ–2Ö&ööÓ¢Bã"ã¢F‡&VB×7G&VÓ¢Bã"ã  ¢Æ—w&–v‡BÖ6÷&Tãc"ã¢·Ð ¢Æ—w&–v‡Dãc"ã ¢FWVæFVæ6–W3 ¢Æ—w&–v‡BÖ6÷&S¢ãc"ã¢÷F–öæÄFWVæFVæ6–W3 ¢g6WfVçG3¢"ã2ã  ¢ÇW&Æ—¦T"ãã¢·Ð ¢ÇW&Æ—¦T‚ãã¢·Ð ¢æv§4Rãã¢·Ð ¢÷7F774‚ãRã#c ¢FWVæFVæ6–W3 ¢ææö–C¢2ã2ãp¢–6ö6öÆ÷'3¢ãã¢6÷W&6RÖÖÖ§3¢ã"ã ¢÷7Fw&W2Ö'&”"ãã¢·Ð ¢÷7Fw&W2Ö'—FVãã¢·Ð ¢÷7Fw&W2ÖFFTããs¢·Ð ¢÷7Fw&W2Ö–çFW'fÄã"ã ¢FWVæFVæ6–W3 ¢‡FVæC¢Bãã  ¢÷7Fw&W42ãBã“¢·Ð ¢&VÇVFRÖÇ4ã"ã¢·Ð ¢&WGF–W$2ã’ãc¢·Ð ¢&WGG’Öf÷&ÖD#rãRã ¢FWVæFVæ6–W3 ¢ç6’×&VvWƒ¢Rãã¢ç6’×7G–ÆW3¢Rã"ã ¢&V7BÖ—3¢rãã  ¢&ö6W72×v&æ–ætBãã¢·Ð ¢&ö6W72×v&æ–ætRãã¢·Ð ¢Vç–6öFT"ã2ã¢·Ð ¢&6öFTãRãC ¢FWVæFVæ6–W3 ¢F–¦·7G&§3¢ãã0¢æv§3¢Rãã ¢–&w3¢RãBã ¢V–6²Öf÷&ÖB×VæW66VDBããC¢·Ð ¢&2Ö6öæf–rÖÆöFW$BããB‡7W÷'G2Ö6öÆ÷$ã"ã"“ ¢FWVæFVæ6–W3 ¢FV'Vs¢BãBã2‡7W÷'G2Ö6öÆ÷$ã"ã"¢§2×–ÖÃ¢Bã2ã¢§6öãS¢"ã"ã0¢&WV—&RÖg&öÒ×7G&–æs¢"ãã ¢G&ç6—F—fUVW$FWVæFVæ6–W3 ¢Ò7W÷'G2Ö6öÆ÷  ¢&V7BÖFöÔ’ã"ã‚‡&V7D’ã"ã‚“ ¢FWVæFVæ6–W3 ¢&V7C¢’ã"ã€¢66†VGVÆW#¢ã#rã  ¢&V7BÖ—4rãã#¢·Ð ¢&V7D’ã"ãƒ¢·Ð ¢&VB×¶tãã ¢FWVæFVæ6–W3 ¢tG—W2öæ÷&ÖÆ—¦R×6¶vRÖFFs¢"ãBã@¢æ÷&ÖÆ—¦R×6¶vRÖFF¢‚ãã ¢'6RÖ§6öã¢‚ã2ã ¢G—RÖfW7C¢Rã‚ã ¢Væ–6÷&âÖÖv–3¢ãBã  ¢&VÂ×&WV—&Tã"ã¢·Ð ¢&VÂ×&WV—&Tãã¢·Ð ¢&VvW‡×G&VTãã#s¢·Ð ¢&WV—&RÖF—&V7F÷'”"ãã¢·Ð ¢&WV—&RÖg&öÒ×7G&–æt"ãã#¢·Ð ¢&WV—&RÖÖ–âÖf–ÆVæÖT"ãã¢·Ð ¢&W6öÇfRÖg&öÔBãã¢·Ð ¢&WDãRã¢·Ð ¢&WW6–g”ãã¢·Ð ¢&fF4ãBã¢·Ð ¢&öÆÆF÷väããS ¢FWVæFVæ6–W3 ¢t÷†2×&ö¦V7B÷G—W2s¢ã3’ã ¢t&öÆÆF÷vâ÷ÇVv–çWF–Ç2s¢ãã¢÷F–öæÄFWVæFVæ6–W3 ¢t&öÆÆF÷vâö&–æF–ærÖæG&ö–BÖ&ÓcBs¢ããP¢t&öÆÆF÷vâö&–æF–ærÖF'v–âÖ&ÓcBs¢ããP¢t&öÆÆF÷vâö&–æF–ærÖF'v–â×ƒcBs¢ããP¢t&öÆÆF÷vâö&–æF–ærÖg&VV'6B×ƒcBs¢ããP¢t&öÆÆF÷vâö&–æF–ærÖÆ–çW‚Ö&ÒÖvçVV&–†bs¢ããP¢t&öÆÆF÷vâö&–æF–ærÖÆ–çW‚Ö&ÓcBÖvçRs¢ããP¢t&öÆÆF÷vâö&–æF–ærÖÆ–çW‚Ö&ÓcBÖ×W6Âs¢ããP¢t&öÆÆF÷vâö&–æF–ærÖÆ–çW‚×3cBÖvçRs¢ããP¢t&öÆÆF÷vâö&–æF–ærÖÆ–çW‚×33“‚ÖvçRs¢ããP¢t&öÆÆF÷vâö&–æF–ærÖÆ–çW‚×ƒcBÖvçRs¢ããP¢t&öÆÆF÷vâö&–æF–ærÖÆ–çW‚×ƒcBÖ×W6Âs¢ããP¢t&öÆÆF÷vâö&–æF–ærÖ÷Væ†&Ööç’Ö&ÓcBs¢ããP¢t&öÆÆF÷vâö&–æF–ær×v6Ó3"×v6’s¢ããP¢t&öÆÆF÷vâö&–æF–ær×v–ã3"Ö&ÓcBÖ×7f2s¢ããP¢t&öÆÆF÷vâö&–æF–ær×v–ã3"×ƒcBÖ×7f2s¢ããP ¢&÷S4ãrã#¢·Ð ¢6fR×&VvWƒ$Rãã ¢FWVæFVæ6–W3 ¢&WC¢ãRã  ¢6fR×&VvW„"ãã ¢FWVæFVæ6–W3 ¢&VvW‡×G&VS¢ãã#p ¢6fR×7F&ÆR×7G&–æv–g”"ãRã¢·Ð ¢6†W4bãã ¢FWVæFVæ6–W3 ¢†ÖÆ6†'3¢"ã"ã  ¢66†VGVÆW$ã#rã¢·Ð ¢6V7&WFÆ–çD2ããB‡7W÷'G2Ö6öÆ÷$ã"ã"“ ¢FWVæFVæ6–W3 ¢t6V7&WFÆ–çBö6öæf–rÖ7&VF÷"s¢2ãã@¢t6V7&WFÆ–çBöf÷&ÖGFW"s¢2ããB‡7W÷'G2Ö6öÆ÷$ã"ã"¢t6V7&WFÆ–çBöæöFRs¢2ããB‡7W÷'G2Ö6öÆ÷$ã"ã"¢t6V7&WFÆ–çB÷&öf–ÆW"s¢2ãã@¢t6V7&WFÆ–çB÷&W6öÇfW"s¢2ãã@¢t6V7&WFÆ–çB÷vÆ¶W"s¢2ãã@¢FV'Vs¢BãBã2‡7W÷'G2Ö6öÆ÷$ã"ã"¢&VB×¶s¢ãã ¢G&ç6—F—fUVW$FWVæFVæ6–W3 ¢Ò7W÷'G2Ö6öÆ÷  ¢6V7W&RÖ§6öâ×'6TBãã¢·Ð ¢6V×fW$rã‚ãS¢·Ð ¢6WBÖ&Æö6¶–æt"ãã¢·Ð ¢6WBÖ6öö¶–R×'6W$"ãrã#¢·Ð ¢6WBÖ6öö¶–R×'6W$2ãã#¢·Ð ¢6WG&÷F÷G—Vödã"ã¢·Ð ¢6†V&ærÖ6öÖÖæD"ãã ¢FWVæFVæ6–W3 ¢6†V&ær×&VvWƒ¢2ãã  ¢6†V&ær×&VvW„2ãã¢·Ð ¢6–v–æfô"ãã¢·Ð ¢6Æ–6RÖç6”Bãã ¢FWVæFVæ6–W3 ¢ç6’×7G–ÆW3¢Bã2ã ¢7G&Â×&VvWƒ¢"ãã ¢—2ÖgVÆÇv–GF‚Ö6öFR×ö–çC¢2ãã  ¢6öæ–2Ö&ööÔBã"ã ¢FWVæFVæ6–W3 ¢FöÖ–2×6ÆVW¢ãã  ¢6÷W&6RÖÖÖ§4ã"ã¢·Ð ¢7G‚Ö6÷'&V7D2ã"ã ¢FWVæFVæ6–W3 ¢7G‚ÖW‡&W76–öâ×'6S¢2ãã¢7G‚ÖÆ–6Vç6RÖ–G3¢2ãã#0 ¢7G‚ÖW†6WF–öç4"ãRã¢·Ð ¢7G‚ÖW‡&W76–öâ×'6T2ãã ¢FWVæFVæ6–W3 ¢7G‚ÖW†6WF–öç3¢"ãRã ¢7G‚ÖÆ–6Vç6RÖ–G3¢2ãã#0 ¢7G‚ÖÆ–6Vç6RÖ–G42ãã#3¢·Ð ¢7Æ—C$Bã"ã¢·Ð ¢7F6¶&6´ãã#¢·Ð ¢7FGW6W4"ãã#¢·Ð ¢7FBÖVçdBã"ã¢·Ð ¢7G&–ær×v–GF„Bã"ã3 ¢FWVæFVæ6–W3 ¢VÖö¦’×&VvWƒ¢‚ãã ¢—2ÖgVÆÇv–GF‚Ö6öFR×ö–çC¢2ãã ¢7G&—Öç6“¢bãã ¢7G&—Öç6”bãã ¢FWVæFVæ6–W3 ¢ç6’×&VvWƒ¢Rãã ¢7G&—Öç6”rã"ã ¢FWVæFVæ6–W3 ¢ç6’×&VvWƒ¢bã"ã  ¢7G&—Ö§6öâÖ6öÖÖVçG42ãã¢·Ð ¢7G'V7GW&VB×6÷W&6TBãã ¢FWVæFVæ6–W3 ¢&÷VæF'“¢"ãã  ¢7W÷'G2Ö6öÆ÷$ã"ã#¢·Ð ¢7W÷'G2Ö6öÆ÷$rã"ã ¢FWVæFVæ6–W3 ¢†2ÖfÆs¢Bãã  ¢7W÷'G2Ö‡—W&Æ–æ·4BãRã ¢FWVæFVæ6–W3 ¢†2ÖfÆs¢Rãã¢7W÷'G2Ö6öÆ÷#¢ã"ã  ¢7–Ö&öÂ×G&VT2ã"ãC¢·Ð ¢F&ÆTbã’ã ¢FWVæFVæ6–W3 ¢§c¢‚ã#ã ¢ÆöF6‚çG'Væ6FS¢BãBã ¢6Æ–6RÖç6“¢Bãã ¢7G&–ær×v–GFƒ¢Bã"ã0¢7G&—Öç6“¢bãã ¢FvvVB×Ftãã¢·Ð ¢F–Çv–æBÖÖW&vT2ãbã¢·Ð ¢F–Çv–æF774Bã2ã3¢·Ð ¢F&ÆT"ã2ã3¢·Ð ¢FW&Ö–æÂÖÆ–æ´Rãã ¢FWVæFVæ6–W3 ¢ç6’ÖW66W3¢rã2ã ¢7W÷'G2Ö‡—W&Æ–æ·3¢BãRã  ¢FW‡B×F&ÆTã"ã¢·Ð ¢FW‡FW‡FVç6–öç4bãã ¢FWVæFVæ6–W3 ¢VF—F–öç3¢bã#"ã  ¢F‡&VB×7G&VÔBã"ã ¢FWVæFVæ6–W3 ¢&VÂ×&WV—&S¢ãã  ¢F–ç–&Væ6„"ã’ã¢·Ð ¢F–ç–W†V4ã2ã¢·Ð ¢F–ç–vÆö&'”ã"ãs ¢FWVæFVæ6–W3 ¢fF—#¢bãRã‡–6öÖF6„BããR¢–6öÖF6ƒ¢BããP ¢F–ç—&–æ&÷t2ãã¢·Ð ¢FÆGG2Ö6÷&TrãBã¢·Ð ¢FÆGG4rãBã ¢FWVæFVæ6–W3 ¢FÆGG2Ö6÷&S¢rãBã  ¢FöBÖ66†T2ãrãC¢·Ð ¢Fö–FVçF–f–W$ãã¢·Ð ¢F÷Vv‚Ö6öö¶–Tbãã# ¢FWVæFVæ6–W3 ¢FÆGG3¢rãBã  ¢G#Cdbãã ¢FWVæFVæ6–W3 ¢Vç–6öFS¢"ã2ã ¢G2Ö’×WF–Ç4"ãRã‡G—W67&—DRã’ã2“ ¢FWVæFVæ6–W3 ¢G—W67&—C¢Rã’ã0 ¢G6Æ–$"ã‚ã ¢÷F–öæÃ¢G'VP ¢G7„Bã#2ãS ¢FWVæFVæ6–W3 ¢W6'V–ÆC¢ã#‚ã¢÷F–öæÄFWVæFVæ6–W3 ¢g6WfVçG3¢"ã2ã0 ¢G—RÖ6†V6´ãBã ¢FWVæFVæ6–W3 ¢&VÇVFRÖÇ3¢ã"ã ¢G—RÖfW7DBãCã¢·Ð ¢G—RÖfW7DRã‚ã ¢FWVæFVæ6–W3 ¢FvvVB×Fs¢ãã  ¢G—W67&—BÖW6Æ–çD‚ãcRã†W6Æ–çD’ã3’ãR†¦—F”"ãrã’‡7W÷'G2Ö6öÆ÷$rã"ã’’‡7W÷'G2Ö6öÆ÷$ã"ã"’‡G—W67&—DRã’ã2“ ¢FWVæFVæ6–W3 ¢tG—W67&—BÖW6Æ–çBöW6Æ–çB×ÇVv–âs¢‚ãcRã„G—W67&—BÖW6Æ–çB÷'6W$‚ãcRã†W6Æ–çD’ã3’ãR†¦—F”"ãrã’‡7W÷'G2Ö6öÆ÷$rã"ã’’‡7W÷'G2Ö6öÆ÷$ã"ã"’‡G—W67&—DRã’ã2’’†W6Æ–çD’ã3’ãR†¦—F”"ãrã’‡7W÷'G2Ö6öÆ÷$rã"ã’’‡7W÷'G2Ö6öÆ÷$ã"ã"’‡G—W67&—DRã’ã2¢tG—W67&—BÖW6Æ–çB÷'6W"s¢‚ãcRã†W6Æ–çD’ã3’ãR†¦—F”"ãrã’‡7W÷'G2Ö6öÆ÷$rã"ã’’‡7W÷'G2Ö6öÆ÷$ã"ã"’‡G—W67&—DRã’ã2¢tG—W67&—BÖW6Æ–çB÷G—W67&—BÖW7G&VRs¢‚ãcRã‡7W÷'G2Ö6öÆ÷$ã"ã"’‡G—W67&—DRã’ã2¢tG—W67&—BÖW6Æ–çB÷WF–Ç2s¢‚ãcRã†W6Æ–çD’ã3’ãR†¦—F”"ãrã’‡7W÷'G2Ö6öÆ÷$rã"ã’’‡7W÷'G2Ö6öÆ÷$ã"ã"’‡G—W67&—DRã’ã2¢W6Æ–çC¢’ã3’ãR†¦—F”"ãrã’‡7W÷'G2Ö6öÆ÷$rã"ã¢G—W67&—C¢Rã’ã0¢G&ç6—F—fUVW$FWVæFVæ6–W3 ¢Ò7W÷'G2Ö6öÆ÷  ¢G—W67&—DRã’ã3¢·Ð ¢VæF–6’×G—W4bã#ã¢·Ð ¢VæF–6”‚ã’ã¢·Ð ¢Væ–6÷&âÖÖv–4ãBã¢·Ð ¢W&’Ö§4BãBã ¢FWVæFVæ6–W3 ¢Vç–6öFS¢"ã2ã ¢W‚×V’ÖvVçB×6¶–ÆÇ4"ãBã¢·Ð ¢fÆ–FFRÖçÒ×6¶vRÖÆ–6Vç6T2ããC ¢FWVæFVæ6–W3 ¢7G‚Ö6÷'&V7C¢2ã"ã ¢7G‚ÖW‡&W76–öâ×'6S¢2ãã ¢fW'6–öâ×&ævTBãRã¢·Ð ¢f—FT‚ããR„G—W2öæöFT#"ã#ã’†W6'V–ÆDã#‚ã’†¦—F”"ãrã’‡G7„Bã#2ãR’‡–ÖÄ"ã’ã“ ¢FWVæFVæ6–W3 ¢Æ–v‡Fæ–æv773¢ã32ã ¢–6öÖF6ƒ¢BããP¢÷7F773¢‚ãRã#`¢&öÆÆF÷vã¢ããP¢F–ç–vÆö&'“¢ã"ãp¢÷F–öæÄFWVæFVæ6–W3 ¢tG—W2öæöFRs¢#"ã#ã¢W6'V–ÆC¢ã#‚ã¢g6WfVçG3¢"ã2ã0¢¦—F“¢"ãrã ¢G7ƒ¢Bã#2ãP¢–ÖÃ¢"ã’ã  ¢f—FW7DBãã„G—W2öæöFT#"ã#ã’†§6FöÔ3ãã„æö&ÆRö†6†W4"ã2ã’’‡f—FT‚ããR„G—W2öæöFT#"ã#ã’†W6'V–ÆDã#‚ã’†¦—F”"ãrã’‡G7„Bã#2ãR’‡–ÖÄ"ã’ã’“ ¢FWVæFVæ6–W3 ¢tf—FW7BöW‡V7Bs¢Bãã ¢tf—FW7BöÖö6¶W"s¢Bãã‡f—FT‚ããR„G—W2öæöFT#"ã#ã’†W6'V–ÆDã#‚ã’†¦—F”"ãrã’‡G7„Bã#2ãR’‡–ÖÄ"ã’ã’¢tf—FW7B÷&WGG’Öf÷&ÖBs¢Bãã ¢tf—FW7B÷'VææW"s¢Bãã ¢tf—FW7B÷6æ6†÷Bs¢Bãã ¢tf—FW7B÷7’s¢Bãã ¢tf—FW7B÷WF–Ç2s¢Bãã ¢W2ÖÖöGVÆRÖÆW†W#¢"ã2ã¢W‡V7B×G—S¢ãBã ¢Öv–2×7G&–æs¢ã3ã#¢ö'Vs¢"ãã@¢F†S¢"ãã0¢–6öÖF6ƒ¢BããP¢7FBÖVçc¢Bã"ã ¢F–ç–&Væ6ƒ¢"ã’ã ¢F–ç–W†V3¢ã2ã ¢F–ç–vÆö&'“¢ã"ãp¢F–ç—&–æ&÷s¢2ãã¢f—FS¢‚ããR„G—W2öæöFT#"ã#ã’†W6'V–ÆDã#‚ã’†¦—F”"ãrã’‡G7„Bã#2ãR’‡–ÖÄ"ã’ã¢v‡’Ö—2ÖæöFR×'Vææ–æs¢"ã2ã ¢÷F–öæÄFWVæFVæ6–W3 ¢tG—W2öæöFRs¢#"ã#ã¢§6FöÓ¢3ãã„æö&ÆRö†6†W4"ã2ã¢G&ç6—F—fUVW$FWVæFVæ6–W3 ¢Ò×7p ¢s62×†ÖÇ6W&–Æ—¦W$Rãã ¢FWVæFVæ6–W3 ¢†ÖÂÖæÖR×fÆ–FF÷#¢Rãã  ¢vV&–FÂÖ6öçfW'6–öç4‚ãã¢·Ð ¢v†GvrÖÖ–ÖWG—TRãã¢·Ð ¢v†Gvr×W&Äbãã„æö&ÆRö†6†W4"ã2ã“ ¢FWVæFVæ6–W3 ¢tW†öGW2ö'—FW2s¢ãRã„æö&ÆRö†6†W4"ã2ã¢G#Cc¢bãã ¢vV&–FÂÖ6öçfW'6–öç3¢‚ãã¢G&ç6—F—fUVW$FWVæFVæ6–W3 ¢Òtæö&ÆRö†6†W2p ¢v†Gvr×W&Ärãã„æö&ÆRö†6†W4"ã2ã“ ¢FWVæFVæ6–W3 ¢tW†öGW2ö'—FW2s¢ãRã„æö&ÆRö†6†W4"ã2ã¢G#Cc¢bãã ¢vV&–FÂÖ6öçfW'6–öç3¢‚ãã¢G&ç6—F—fUVW$FWVæFVæ6–W3 ¢Òtæö&ÆRö†6†W2p ¢v†–6‚ÖÖöGVÆT"ãã¢·Ð ¢v†–6„"ãã# ¢FWVæFVæ6–W3 ¢—6W†S¢"ãã  ¢v‡’Ö—2ÖæöFR×'Vææ–æt"ã2ã ¢FWVæFVæ6–W3 ¢6–v–æfó¢"ãã ¢7F6¶&6³¢ãã  ¢v÷&B×w&ã"ãS¢·Ð ¢w&Öç6”bã"ã ¢FWVæFVæ6–W3 ¢ç6’×7G–ÆW3¢Bã2ã ¢7G&–ær×v–GFƒ¢Bã"ã0¢7G&—Öç6“¢bãã ¢†ÖÂÖæÖR×fÆ–FF÷$Rãã¢·Ð ¢†ÖÆ6†'4"ã"ã¢·Ð ¢‡FVæDBãã#¢·Ð ¢“†äBãã3¢·Ð ¢–ÖÄ"ã’ã¢·Ð ¢–&w2×'6W$‚ãã3 ¢FWVæFVæ6–W3 ¢6ÖVÆ66S¢Rã2ã¢FV6ÖVÆ—¦S¢ã"ã  ¢–&w4RãBã ¢FWVæFVæ6–W3 ¢6Æ—V“¢bãã ¢FV6ÖVÆ—¦S¢ã"ã ¢f–æB×W¢Bãã ¢vWBÖ6ÆÆW"Öf–ÆS¢"ããP¢&WV—&RÖF—&V7F÷'“¢"ãã¢&WV—&RÖÖ–âÖf–ÆVæÖS¢"ãã ¢6WBÖ&Æö6¶–æs¢"ãã ¢7G&–ær×v–GFƒ¢Bã"ã0¢v†–6‚ÖÖöGVÆS¢"ãã¢“†ã¢Bãã0¢–&w2×'6W#¢‚ãã0 ¢–ö7Fò×VWVTãã¢·Ð ¢¦öDBãBã3¢·Ð 